
Microsoft Visual Studio Solution File, Format Version 12.00
# Visual Studio Version 17
VisualStudioVersion = 17.4.33110.190
MinimumVisualStudioVersion = 10.0.40219.1
Project("{FAE04EC0-301F-11D3-BF4B-00C04F79EFBC}") = "XML3_08.05.23", "XML3_08.05.23\XML3_08.05.23.csproj", "{1A86C821-7AD6-464F-9B6F-16C736C220BF}"
EndProject
Global
	GlobalSection(SolutionConfigurationPlatforms) = preSolution
		Debug|Any CPU = Debug|Any CPU
		Release|Any CPU = Release|Any CPU
	EndGlobalSection
	GlobalSection(ProjectConfigurationPlatforms) = postSolution
		{1A86C821-7AD6-464F-9B6F-16C736C220BF}.Debug|Any CPU.ActiveCfg = Debug|Any CPU
		{1A86C821-7AD6-464F-9B6F-16C736C220BF}.Debug|Any CPU.Build.0 = Debug|Any CPU
		{1A86C821-7AD6-464F-9B6F-16C736C220BF}.Release|Any CPU.ActiveCfg = Release|Any CPU
		{1A86C821-7AD6-464F-9B6F-16C736C220BF}.Release|Any CPU.Build.0 = Release|Any CPU
	EndGlobalSection
	GlobalSection(SolutionProperties) = preSolution
		HideSolutionNode = FALSE
	EndGlobalSection
	GlobalSection(ExtensibilityGlobals) = postSolution
		SolutionGuid = {90BF235F-FEBA-41E1-BB11-F7282AE375CB}
	EndGlobalSection
EndGlobal
